// !$*UTF8*$!
{
	archiveVersion = 1;
	classes = {
	};
	objectVersion = 50;
	objects = {

/* Begin PBXBuildFile section */
		32C71607A83933AD863D35DD /* Pods_VideoStream.framework in Frameworks */ = {isa = PBXBuildFile; fileRef = F4CBD4230C33368B34947BFC /* Pods_VideoStream.framework */; };
		44B980CD221B90D100BEFB80 /* ViewController+Send.swift in Sources */ = {isa = PBXBuildFile; fileRef = 44B980CC221B90D100BEFB80 /* ViewController+Send.swift */; };
		44B980CF221B910500BEFB80 /* CVPixelBuffer+Extension.swift in Sources */ = {isa = PBXBuildFile; fileRef = 44B980CE221B910500BEFB80 /* CVPixelBuffer+Extension.swift */; };
		6A6052A7221A5D1F003E6D18 /* ViewController+WebSocket.swift in Sources */ = {isa = PBXBuildFile; fileRef = 6A6052A6221A5D1F003E6D18 /* ViewController+WebSocket.swift */; };
		6A68F5CD2219ED5E0062FE5C /* AppDelegate.swift in Sources */ = {isa = PBXBuildFile; fileRef = 6A68F5CC2219ED5E0062FE5C /* AppDelegate.swift */; };
		6A68F5CF2219ED5E0062FE5C /* ViewController.swift in Sources */ = {isa = PBXBuildFile; fileRef = 6A68F5CE2219ED5E0062FE5C /* ViewController.swift */; };
		6A68F5D22219ED5E0062FE5C /* Main.storyboard in Resources */ = {isa = PBXBuildFile; fileRef = 6A68F5D02219ED5E0062FE5C /* Main.storyboard */; };
		6A68F5D42219ED610062FE5C /* Assets.xcassets in Resources */ = {isa = PBXBuildFile; fileRef = 6A68F5D32219ED610062FE5C /* Assets.xcassets */; };
		6A68F5D72219ED610062FE5C /* LaunchScreen.storyboard in Resources */ = {isa = PBXBuildFile; fileRef = 6A68F5D52219ED610062FE5C /* LaunchScreen.storyboard */; };
		6A735CE32222469600CA7F98 /* VideoFileReader.swift in Sources */ = {isa = PBXBuildFile; fileRef = 6A735CE22222469600CA7F98 /* VideoFileReader.swift */; };
		6A735CE52222478600CA7F98 /* ViewController+Receive.swift in Sources */ = {isa = PBXBuildFile; fileRef = 6A735CE42222478600CA7F98 /* ViewController+Receive.swift */; };
		6A735CE7222248D000CA7F98 /* temp.h264 in Resources */ = {isa = PBXBuildFile; fileRef = 6A735CE6222248D000CA7F98 /* temp.h264 */; };
/* End PBXBuildFile section */

/* Begin PBXFileReference section */
		04CE0E458B88F00E11597511 /* Pods-VideoStream.release.xcconfig */ = {isa = PBXFileReference; includeInIndex = 1; lastKnownFileType = text.xcconfig; name = "Pods-VideoStream.release.xcconfig"; path = "Pods/Target Support Files/Pods-VideoStream/Pods-VideoStream.release.xcconfig"; sourceTree = "<group>"; };
		44B980CC221B90D100BEFB80 /* ViewController+Send.swift */ = {isa = PBXFileReference; lastKnownFileType = sourcecode.swift; path = "ViewController+Send.swift"; sourceTree = "<group>"; };
		44B980CE221B910500BEFB80 /* CVPixelBuffer+Extension.swift */ = {isa = PBXFileReference; fileEncoding = 4; lastKnownFileType = sourcecode.swift; path = "CVPixelBuffer+Extension.swift"; sourceTree = "<group>"; };
		6A6052A22219F7A5003E6D18 /* VideoStream-Bridging-Header.h */ = {isa = PBXFileReference; lastKnownFileType = sourcecode.c.h; path = "VideoStream-Bridging-Header.h"; sourceTree = "<group>"; };
		6A6052A6221A5D1F003E6D18 /* ViewController+WebSocket.swift */ = {isa = PBXFileReference; lastKnownFileType = sourcecode.swift; path = "ViewController+WebSocket.swift"; sourceTree = "<group>"; };
		6A68F5C92219ED5E0062FE5C /* VideoStream.app */ = {isa = PBXFileReference; explicitFileType = wrapper.application; includeInIndex = 0; path = VideoStream.app; sourceTree = BUILT_PRODUCTS_DIR; };
		6A68F5CC2219ED5E0062FE5C /* AppDelegate.swift */ = {isa = PBXFileReference; lastKnownFileType = sourcecode.swift; path = AppDelegate.swift; sourceTree = "<group>"; };
		6A68F5CE2219ED5E0062FE5C /* ViewController.swift */ = {isa = PBXFileReference; lastKnownFileType = sourcecode.swift; path = ViewController.swift; sourceTree = "<group>"; };
		6A68F5D12219ED5E0062FE5C /* Base */ = {isa = PBXFileReference; lastKnownFileType = file.storyboard; name = Base; path = Base.lproj/Main.storyboard; sourceTree = "<group>"; };
		6A68F5D32219ED610062FE5C /* Assets.xcassets */ = {isa = PBXFileReference; lastKnownFileType = folder.assetcatalog; path = Assets.xcassets; sourceTree = "<group>"; };
		6A68F5D62219ED610062FE5C /* Base */ = {isa = PBXFileReference; lastKnownFileType = file.storyboard; name = Base; path = Base.lproj/LaunchScreen.storyboard; sourceTree = "<group>"; };
		6A68F5D82219ED610062FE5C /* Info.plist */ = {isa = PBXFileReference; lastKnownFileType = text.plist.xml; path = Info.plist; sourceTree = "<group>"; };
		6A735CE22222469600CA7F98 /* VideoFileReader.swift */ = {isa = PBXFileReference; lastKnownFileType = sourcecode.swift; path = VideoFileReader.swift; sourceTree = "<group>"; };
		6A735CE42222478600CA7F98 /* ViewController+Receive.swift */ = {isa = PBXFileReference; lastKnownFileType = sourcecode.swift; path = "ViewController+Receive.swift"; sourceTree = "<group>"; };
		6A735CE6222248D000CA7F98 /* temp.h264 */ = {isa = PBXFileReference; lastKnownFileType = file; path = temp.h264; sourceTree = "<group>"; };
		DD901BC98359CF8A53727244 /* Pods-VideoStream.debug.xcconfig */ = {isa = PBXFileReference; includeInIndex = 1; lastKnownFileType = text.xcconfig; name = "Pods-VideoStream.debug.xcconfig"; path = "Pods/Target Support Files/Pods-VideoStream/Pods-VideoStream.debug.xcconfig"; sourceTree = "<group>"; };
		F4CBD4230C33368B34947BFC /* Pods_VideoStream.framework */ = {isa = PBXFileReference; explicitFileType = wrapper.framework; includeInIndex = 0; path = Pods_VideoStream.framework; sourceTree = BUILT_PRODUCTS_DIR; };
/* End PBXFileReference section */

/* Begin PBXFrameworksBuildPhase section */
		6A68F5C62219ED5E0062FE5C /* Frameworks */ = {
			isa = PBXFrameworksBuildPhase;
			buildActionMask = 2147483647;
			files = (
				32C71607A83933AD863D35DD /* Pods_VideoStream.framework in Frameworks */,
			);
			runOnlyForDeploymentPostprocessing = 0;
		};
/* End PBXFrameworksBuildPhase section */

/* Begin PBXGroup section */
		44B980CA221B908D00BEFB80 /* Socket */ = {
			isa = PBXGroup;
			children = (
				6A6052A6221A5D1F003E6D18 /* ViewController+WebSocket.swift */,
			);
			path = Socket;
			sourceTree = "<group>";
		};
		44B980CB221B90AF00BEFB80 /* VideoSend */ = {
			isa = PBXGroup;
			children = (
				44B980CE221B910500BEFB80 /* CVPixelBuffer+Extension.swift */,
				44B980CC221B90D100BEFB80 /* ViewController+Send.swift */,
			);
			name = VideoSend;
			path = ..;
			sourceTree = "<group>";
		};
		6A68F5C02219ED5E0062FE5C = {
			isa = PBXGroup;
			children = (
				6A68F5CB2219ED5E0062FE5C /* VideoStream */,
				6A68F5CA2219ED5E0062FE5C /* Products */,
				FDEDA6D35A5BD7BE688214FB /* Pods */,
				82B447779F02A11A7942C347 /* Frameworks */,
			);
			sourceTree = "<group>";
		};
		6A68F5CA2219ED5E0062FE5C /* Products */ = {
			isa = PBXGroup;
			children = (
				6A68F5C92219ED5E0062FE5C /* VideoStream.app */,
			);
			name = Products;
			sourceTree = "<group>";
		};
		6A68F5CB2219ED5E0062FE5C /* VideoStream */ = {
			isa = PBXGroup;
			children = (
				6A68F5CC2219ED5E0062FE5C /* AppDelegate.swift */,
				6A68F5CE2219ED5E0062FE5C /* ViewController.swift */,
				44B980CA221B908D00BEFB80 /* Socket */,
				44B980CB221B90AF00BEFB80 /* VideoSend */,
				6A735CE12222466D00CA7F98 /* VideoReceive */,
				6A68F5D32219ED610062FE5C /* Assets.xcassets */,
				6A68F5D02219ED5E0062FE5C /* Main.storyboard */,
				6A68F5D52219ED610062FE5C /* LaunchScreen.storyboard */,
				6A68F5D82219ED610062FE5C /* Info.plist */,
				6A6052A22219F7A5003E6D18 /* VideoStream-Bridging-Header.h */,
			);
			path = VideoStream;
			sourceTree = "<group>";
		};
		6A735CE12222466D00CA7F98 /* VideoReceive */ = {
			isa = PBXGroup;
			children = (
				6A735CE6222248D000CA7F98 /* temp.h264 */,
				6A735CE22222469600CA7F98 /* VideoFileReader.swift */,
				6A735CE42222478600CA7F98 /* ViewController+Receive.swift */,
			);
			path = VideoReceive;
			sourceTree = "<group>";
		};
		82B447779F02A11A7942C347 /* Frameworks */ = {
			isa = PBXGroup;
			children = (
				F4CBD4230C33368B34947BFC /* Pods_VideoStream.framework */,
			);
			name = Frameworks;
			sourceTree = "<group>";
		};
		FDEDA6D35A5BD7BE688214FB /* Pods */ = {
			isa = PBXGroup;
			children = (
				DD901BC98359CF8A53727244 /* Pods-VideoStream.debug.xcconfig */,
				04CE0E458B88F00E11597511 /* Pods-VideoStream.release.xcconfig */,
			);
			name = Pods;
			sourceTree = "<group>";
		};
/* End PBXGroup section */

/* Begin PBXNativeTarget section */
		6A68F5C82219ED5E0062FE5C /* VideoStream */ = {
			isa = PBXNativeTarget;
			buildConfigurationList = 6A68F5DB2219ED610062FE5C /* Build configuration list for PBXNativeTarget "VideoStream" */;
			buildPhases = (
				EAE56A7D510867B2D8B592E9 /* [CP] Check Pods Manifest.lock */,
				6A68F5C52219ED5E0062FE5C /* Sources */,
				6A68F5C62219ED5E0062FE5C /* Frameworks */,
				6A68F5C72219ED5E0062FE5C /* Resources */,
				91E9A95A902F79FF322DB2A0 /* [CP] Embed Pods Frameworks */,
			);
			buildRules = (
			);
			dependencies = (
			);
			name = VideoStream;
			productName = VideoStream;
			productReference = 6A68F5C92219ED5E0062FE5C /* VideoStream.app */;
			productType = "com.apple.product-type.application";
		};
/* End PBXNativeTarget section */

/* Begin PBXProject section */
		6A68F5C12219ED5E0062FE5C /* Project object */ = {
			isa = PBXProject;
			attributes = {
				LastSwiftUpdateCheck = 1010;
				LastUpgradeCheck = 1010;
				ORGANIZATIONNAME = "Eugene G";
				TargetAttributes = {
					6A68F5C82219ED5E0062FE5C = {
						CreatedOnToolsVersion = 10.1;
						LastSwiftMigration = 1010;
					};
				};
			};
			buildConfigurationList = 6A68F5C42219ED5E0062FE5C /* Build configuration list for PBXProject "VideoStream" */;
			compatibilityVersion = "Xcode 9.3";
			developmentRegion = en;
			hasScannedForEncodings = 0;
			knownRegions = (
				en,
				Base,
			);
			mainGroup = 6A68F5C02219ED5E0062FE5C;
			productRefGroup = 6A68F5CA2219ED5E0062FE5C /* Products */;
			projectDirPath = "";
			projectRoot = "";
			targets = (
				6A68F5C82219ED5E0062FE5C /* VideoStream */,
			);
		};
/* End PBXProject section */

/* Begin PBXResourcesBuildPhase section */
		6A68F5C72219ED5E0062FE5C /* Resources */ = {
			isa = PBXResourcesBuildPhase;
			buildActionMask = 2147483647;
			files = (
				6A68F5D72219ED610062FE5C /* LaunchScreen.storyboard in Resources */,
				6A735CE7222248D000CA7F98 /* temp.h264 in Resources */,
				6A68F5D42219ED610062FE5C /* Assets.xcassets in Resources */,
				6A68F5D22219ED5E0062FE5C /* Main.storyboard in Resources */,
			);
			runOnlyForDeploymentPostprocessing = 0;
		};
/* End PBXResourcesBuildPhase section */

/* Begin PBXShellScriptBuildPhase section */
		91E9A95A902F79FF322DB2A0 /* [CP] Embed Pods Frameworks */ = {
			isa = PBXShellScriptBuildPhase;
			buildActionMask = 2147483647;
			files = (
			);
			inputPaths = (
				"${SRCROOT}/Pods/Target Support Files/Pods-VideoStream/Pods-VideoStream-frameworks.sh",
				"${BUILT_PRODUCTS_DIR}/SocketRocket/SocketRocket.framework",
			);
			name = "[CP] Embed Pods Frameworks";
			outputPaths = (
				"${TARGET_BUILD_DIR}/${FRAMEWORKS_FOLDER_PATH}/SocketRocket.framework",
			);
			runOnlyForDeploymentPostprocessing = 0;
			shellPath = /bin/sh;
			shellScript = "\"${SRCROOT}/Pods/Target Support Files/Pods-VideoStream/Pods-VideoStream-frameworks.sh\"\n";
			showEnvVarsInLog = 0;
		};
		EAE56A7D510867B2D8B592E9 /* [CP] Check Pods Manifest.lock */ = {
			isa = PBXShellScriptBuildPhase;
			buildActionMask = 2147483647;
			files = (
			);
			inputPaths = (
				"${PODS_PODFILE_DIR_PATH}/Podfile.lock",
				"${PODS_ROOT}/Manifest.lock",
			);
			name = "[CP] Check Pods Manifest.lock";
			outputPaths = (
				"$(DERIVED_FILE_DIR)/Pods-VideoStream-checkManifestLockResult.txt",
			);
			runOnlyForDeploymentPostprocessing = 0;
			shellPath = /bin/sh;
			shellScript = "diff \"${PODS_PODFILE_DIR_PATH}/Podfile.lock\" \"${PODS_ROOT}/Manifest.lock\" > /dev/null\nif [ $? != 0 ] ; then\n    # print error to STDERR\n    echo \"error: The sandbox is not in sync with the Podfile.lock. Run 'pod install' or update your CocoaPods installation.\" >&2\n    exit 1\nfi\n# This output is used by Xcode 'outputs' to avoid re-running this script phase.\necho \"SUCCESS\" > \"${SCRIPT_OUTPUT_FILE_0}\"\n";
			showEnvVarsInLog = 0;
		};
/* End PBXShellScriptBuildPhase section */

/* Begin PBXSourcesBuildPhase section */
		6A68F5C52219ED5E0062FE5C /* Sources */ = {
			isa = PBXSourcesBuildPhase;
			buildActionMask = 2147483647;
			files = (
				6A735CE52222478600CA7F98 /* ViewController+Receive.swift in Sources */,
				44B980CD221B90D100BEFB80 /* ViewController+Send.swift in Sources */,
				6A68F5CF2219ED5E0062FE5C /* ViewController.swift in Sources */,
				6A735CE32222469600CA7F98 /* VideoFileReader.swift in Sources */,
				44B980CF221B910500BEFB80 /* CVPixelBuffer+Extension.swift in Sources */,
				6A6052A7221A5D1F003E6D18 /* ViewController+WebSocket.swift in Sources */,
				6A68F5CD2219ED5E0062FE5C /* AppDelegate.swift in Sources */,
			);
			runOnlyForDeploymentPostprocessing = 0;
		};
/* End PBXSourcesBuildPhase section */

/* Begin PBXVariantGroup section */
		6A68F5D02219ED5E0062FE5C /* Main.storyboard */ = {
			isa = PBXVariantGroup;
			children = (
				6A68F5D12219ED5E0062FE5C /* Base */,
			);
			name = Main.storyboard;
			sourceTree = "<group>";
		};
		6A68F5D52219ED610062FE5C /* LaunchScreen.storyboard */ = {
			isa = PBXVariantGroup;
			children = (
				6A68F5D62219ED610062FE5C /* Base */,
			);
			name = LaunchScreen.storyboard;
			sourceTree = "<group>";
		};
/* End PBXVariantGroup section */

/* Begin XCBuildConfiguration section */
		6A68F5D92219ED610062FE5C /* Debug */ = {
			isa = XCBuildConfiguration;
			buildSettings = {
				ALWAYS_SEARCH_USER_PATHS = NO;
				CLANG_ANALYZER_NONNULL = YES;
				CLANG_ANALYZER_NUMBER_OBJECT_CONVERSION = YES_AGGRESSIVE;
				CLANG_CXX_LANGUAGE_STANDARD = "gnu++14";
				CLANG_CXX_LIBRARY = "libc++";
				CLANG_ENABLE_MODULES = YES;
				CLANG_ENABLE_OBJC_ARC = YES;
				CLANG_ENABLE_OBJC_WEAK = YES;
				CLANG_WARN_BLOCK_CAPTURE_AUTORELEASING = YES;
				CLANG_WARN_BOOL_CONVERSION = YES;
				CLANG_WARN_COMMA = YES;
				CLANG_WARN_CONSTANT_CONVERSION = YES;
				CLANG_WARN_DEPRECATED_OBJC_IMPLEMENTATIONS = YES;
				CLANG_WARN_DIRECT_OBJC_ISA_USAGE = YES_ERROR;
				CLANG_WARN_DOCUMENTATION_COMMENTS = YES;
				CLANG_WARN_EMPTY_BODY = YES;
				CLANG_WARN_ENUM_CONVERSION = YES;
				CLANG_WARN_INFINITE_RECURSION = YES;
				CLANG_WARN_INT_CONVERSION = YES;
				CLANG_WARN_NON_LITERAL_NULL_CONVERSION = YES;
				CLANG_WARN_OBJC_IMPLICIT_RETAIN_SELF = YES;
				CLANG_WARN_OBJC_LITERAL_CONVERSION = YES;
				CLANG_WARN_OBJC_ROOT_CLASS = YES_ERROR;
				CLANG_WARN_RANGE_LOOP_ANALYSIS = YES;
				CLANG_WARN_STRICT_PROTOTYPES = YES;
				CLANG_WARN_SUSPICIOUS_MOVE = YES;
				CLANG_WARN_UNGUARDED_AVAILABILITY = YES_AGGRESSIVE;
				CLANG_WARN_UNREACHABLE_CODE = YES;
				CLANG_WARN__DUPLICATE_METHOD_MATCH = YES;
				CODE_SIGN_IDENTITY = "iPhone Developer";
				COPY_PHASE_STRIP = NO;
				DEBUG_INFORMATION_FORMAT = dwarf;
				ENABLE_STRICT_OBJC_MSGSEND = YES;
				ENABLE_TESTABILITY = YES;
				GCC_C_LANGUAGE_STANDARD = gnu11;
				GCC_DYNAMIC_NO_PIC = NO;
				GCC_NO_COMMON_BLOCKS = YES;
				GCC_OPTIMIZATION_LEVEL = 0;
				GCC_PREPROCESSOR_DEFINITIONS = (
					"DEBUG=1",
					"$(inherited)",
				);
				GCC_WARN_64_TO_32_BIT_CONVERSION = YES;
				GCC_WARN_ABOUT_RETURN_TYPE = YES_ERROR;
				GCC_WARN_UNDECLARED_SELECTOR = YES;
				GCC_WARN_UNINITIALIZED_AUTOS = YES_AGGRESSIVE;
				GCC_WARN_UNUSED_FUNCTION = YES;
				GCC_WARN_UNUSED_VARIABLE = YES;
				IPHONEOS_DEPLOYMENT_TARGET = 12.1;
				MTL_ENABLE_DEBUG_INFO = INCLUDE_SOURCE;
				MTL_FAST_MATH = YES;
				ONLY_ACTIVE_ARCH = YES;
				SDKROOT = iphoneos;
				SWIFT_ACTIVE_COMPILATION_CONDITIONS = DEBUG;
				SWIFT_OPTIMIZATION_LEVEL = "-Onone";
			};
			name = Debug;
		};
		6A68F5DA2219ED610062FE5C /* Release */ = {
			isa = XCBuildConfiguration;
			buildSettings = {
				ALWAYS_SEARCH_USER_PATHS = NO;
				CLANG_ANALYZER_NONNULL = YES;
				CLANG_ANALYZER_NUMBER_OBJECT_CONVERSION = YES_AGGRESSIVE;
				CLANG_CXX_LANGUAGE_STANDARD = "gnu++14";
				CLANG_CXX_LIBRARY = "libc++";
				CLANG_ENABLE_MODULES = YES;
				CLANG_ENABLE_OBJC_ARC = YES;
				CLANG_ENABLE_OBJC_WEAK = YES;
				CLANG_WARN_BLOCK_CAPTURE_AUTORELEASING = YES;
				CLANG_WARN_BOOL_CONVERSION = YES;
				CLANG_WARN_COMMA = YES;
				CLANG_WARN_CONSTANT_CONVERSION = YES;
				CLANG_WARN_DEPRECATED_OBJC_IMPLEMENTATIONS = YES;
				CLANG_WARN_DIRECT_OBJC_ISA_USAGE = YES_ERROR;
				CLANG_WARN_DOCUMENTATION_COMMENTS = YES;
				CLANG_WARN_EMPTY_BODY = YES;
				CLANG_WARN_ENUM_CONVERSION = YES;
				CLANG_WARN_INFINITE_RECURSION = YES;
				CLANG_WARN_INT_CONVERSION = YES;
				CLANG_WARN_NON_LITERAL_NULL_CONVERSION = YES;
				CLANG_WARN_OBJC_IMPLICIT_RETAIN_SELF = YES;
				CLANG_WARN_OBJC_LITERAL_CONVERSION = YES;
				CLANG_WARN_OBJC_ROOT_CLASS = YES_ERROR;
				CLANG_WARN_RANGE_LOOP_ANALYSIS = YES;
				CLANG_WARN_STRICT_PROTOTYPES = YES;
				CLANG_WARN_SUSPICIOUS_MOVE = YES;
				CLANG_WARN_UNGUARDED_AVAILABILITY = YES_AGGRESSIVE;
				CLANG_WARN_UNREACHABLE_CODE = YES;
				CLANG_WARN__DUPLICATE_METHOD_MATCH = YES;
				CODE_SIGN_IDENTITY = "iPhone Developer";
				COPY_PHASE_STRIP = NO;
				DEBUG_INFORMATION_FORMAT = "dwarf-with-dsym";
				ENABLE_NS_ASSERTIONS = NO;
				ENABLE_STRICT_OBJC_MSGSEND = YES;
				GCC_C_LANGUAGE_STANDARD = gnu11;
				GCC_NO_COMMON_BLOCKS = YES;
				GCC_WARN_64_TO_32_BIT_CONVERSION = YES;
				GCC_WARN_ABOUT_RETURN_TYPE = YES_ERROR;
				GCC_WARN_UNDECLARED_SELECTOR = YES;
				GCC_WARN_UNINITIALIZED_AUTOS = YES_AGGRESSIVE;
				GCC_WARN_UNUSED_FUNCTION = YES;
				GCC_WARN_UNUSED_VARIABLE = YES;
				IPHONEOS_DEPLOYMENT_TARGET = 12.1;
				MTL_ENABLE_DEBUG_INFO = NO;
				MTL_FAST_MATH = YES;
				SDKROOT = iphoneos;
				SWIFT_COMPILATION_MODE = wholemodule;
				SWIFT_OPTIMIZATION_LEVEL = "-O";
				VALIDATE_PRODUCT = YES;
			};
			name = Release;
		};
		6A68F5DC2219ED610062FE5C /* Debug */ = {
			isa = XCBuildConfiguration;
			baseConfigurationReference = DD901BC98359CF8A53727244 /* Pods-VideoStream.debug.xcconfig */;
			buildSettings = {
				ASSETCATALOG_COMPILER_APPICON_NAME = AppIcon;
				CLANG_ENABLE_MODULES = YES;
				CODE_SIGN_STYLE = Automatic;
				DEVELOPMENT_TEAM = 875MRQ5J2T;
				INFOPLIST_FILE = VideoStream/Info.plist;
				IPHONEOS_DEPLOYMENT_TARGET = 10.0;
				LD_RUNPATH_SEARCH_PATHS = (
					"$(inherited)",
					"@executable_path/Frameworks",
				);
				PRODUCT_BUNDLE_IDENTIFIER = id.VideoStream;
				PRODUCT_NAME = "$(TARGET_NAME)";
				SWIFT_OBJC_BRIDGING_HEADER = "VideoStream/VideoStream-Bridging-Header.h";
				SWIFT_OPTIMIZATION_LEVEL = "-Onone";
				SWIFT_VERSION = 4.0;
				TARGETED_DEVICE_FAMILY = "1,2";
			};
			name = Debug;
		};
		6A68F5DD2219ED610062FE5C /* Release */ = {
			isa = XCBuildConfiguration;
			baseConfigurationReference = 04CE0E458B88F00E11597511 /* Pods-VideoStream.release.xcconfig */;
			buildSettings = {
				ASSETCATALOG_COMPILER_APPICON_NAME = AppIcon;
				CLANG_ENABLE_MODULES = YES;
				CODE_SIGN_STYLE = Automatic;
				DEVELOPMENT_TEAM = 875MRQ5J2T;
				INFOPLIST_FILE = VideoStream/Info.plist;
				IPHONEOS_DEPLOYMENT_TARGET = 10.0;
				LD_RUNPATH_SEARCH_PATHS = (
					"$(inherited)",
					"@executable_path/Frameworks",
				);
				PRODUCT_BUNDLE_IDENTIFIER = id.VideoStream;
				PRODUCT_NAME = "$(TARGET_NAME)";
				SWIFT_OBJC_BRIDGING_HEADER = "VideoStream/VideoStream-Bridging-Header.h";
				SWIFT_VERSION = 4.0;
				TARGETED_DEVICE_FAMILY = "1,2";
			};
			name = Release;
		};
/* End XCBuildConfiguration section */

/* Begin XCConfigurationList section */
		6A68F5C42219ED5E0062FE5C /* Build configuration list for PBXProject "VideoStream" */ = {
			isa = XCConfigurationList;
			buildConfigurations = (
				6A68F5D92219ED610062FE5C /* Debug */,
				6A68F5DA2219ED610062FE5C /* Release */,
			);
			defaultConfigurationIsVisible = 0;
			defaultConfigurationName = Release;
		};
		6A68F5DB2219ED610062FE5C /* Build configuration list for PBXNativeTarget "VideoStream" */ = {
			isa = XCConfigurationList;
			buildConfigurations = (
				6A68F5DC2219ED610062FE5C /* Debug */,
				6A68F5DD2219ED610062FE5C /* Release */,
			);
			defaultConfigurationIsVisible = 0;
			defaultConfigurationName = Release;
		};
/* End XCConfigurationList section */
	};
	rootObject = 6A68F5C12219ED5E0062FE5C /* Project object */;
}
